{
  "name": "DecisionTree",
  "version": "2.0.0",
  "lockfileVersion": 1,
  "requires": true,
  "dependencies": {
    "ask-sdk-core": {
      "version": "2.0.2",
      "resolved": "https://registry.npmjs.org/ask-sdk-core/-/ask-sdk-core-2.0.2.tgz",
      "integrity": "sha512-MN2ch3pAZJV53baLFzcU66mfLj5DDLWcTdATNCw4gQ5grt1e8tNS3ivuG48BHK71TsmgnDJBadg+QfAT00HCfg=="
    },
    "ask-sdk-model": {
      "version": "1.0.2",
      "resolved": "https://registry.npmjs.org/ask-sdk-model/-/ask-sdk-model-1.0.2.tgz",
      "integrity": "sha512-3nGHF/1PoeMJS6zx0Mnjg0FpHgKaNHfpwxbU8Z+MzILpQ9fKooTYqoEwkzEMb7h9xKVC6/5Q11LIBrLt5mDQaw=="
    }
  }
}
